
Microsoft Visual Studio Solution File, Format Version 12.00
Project("{FAE04EC0-301F-11D3-BF4B-00C04F79EFBC}") = "FormattableStringBuilder", "FormattableStringBuilder\FormattableStringBuilder.csproj", "{FD41E1CA-C6F4-496F-9EF1-1D22C321EA60}"
EndProject
Project("{FAE04EC0-301F-11D3-BF4B-00C04F79EFBC}") = "FormattableStringBuilder.Tests", "FormattableStringBuilder.Tests\FormattableStringBuilder.Tests.csproj", "{6AE404E4-6D34-4A37-81A1-0C0284C09912}"
EndProject
Global
	GlobalSection(SolutionConfigurationPlatforms) = preSolution
		Debug|Any CPU = Debug|Any CPU
		Release|Any CPU = Release|Any CPU
	EndGlobalSection
	GlobalSection(ProjectConfigurationPlatforms) = postSolution
		{FD41E1CA-C6F4-496F-9EF1-1D22C321EA60}.Debug|Any CPU.ActiveCfg = Debug|Any CPU
		{FD41E1CA-C6F4-496F-9EF1-1D22C321EA60}.Debug|Any CPU.Build.0 = Debug|Any CPU
		{FD41E1CA-C6F4-496F-9EF1-1D22C321EA60}.Release|Any CPU.ActiveCfg = Release|Any CPU
		{FD41E1CA-C6F4-496F-9EF1-1D22C321EA60}.Release|Any CPU.Build.0 = Release|Any CPU
		{6AE404E4-6D34-4A37-81A1-0C0284C09912}.Debug|Any CPU.ActiveCfg = Debug|Any CPU
		{6AE404E4-6D34-4A37-81A1-0C0284C09912}.Debug|Any CPU.Build.0 = Debug|Any CPU
		{6AE404E4-6D34-4A37-81A1-0C0284C09912}.Release|Any CPU.ActiveCfg = Release|Any CPU
		{6AE404E4-6D34-4A37-81A1-0C0284C09912}.Release|Any CPU.Build.0 = Release|Any CPU
	EndGlobalSection
EndGlobal
